# This file is autogenerated, do not edit; changes may be undone by the next 'dep ensure'.


[[projects]]
  name = "github.com/Masterminds/semver"
  packages = ["."]
  revision = "8d82589cda2d7b5b9167396841975c4535c9bec6"
  version = "v1.4.1"

[[projects]]
  name = "github.com/Masterminds/sprig"
  packages = ["."]
  revision = "b217b9c388de2cacde4354c536e520c52c055563"
  version = "v2.14.1"

[[projects]]
  name = "github.com/aokoli/goutils"
  packages = ["."]
  revision = "3391d3790d23d03408670993e957e8f408993c34"
  version = "v1.0.1"

[[projects]]
  name = "github.com/gobuffalo/packr"
  packages = [
    ".",
    "builder"
  ]
  revision = "3402a167bccf1bdd5c93ca820be9f27bba46261e"
  version = "v1.10.7"

[[projects]]
  name = "github.com/golang/protobuf"
  packages = [
    "proto",
    "protoc-gen-go/descriptor",
    "protoc-gen-go/plugin"
  ]
  revision = "925541529c1fa6821df4e44ce2723319eb2be768"
  version = "v1.0.0"

[[projects]]
  name = "github.com/huandu/xstrings"
  packages = ["."]
  revision = "2bf18b218c51864a87384c06996e40ff9dcff8e1"
  version = "v1.0.0"

[[projects]]
  name = "github.com/imdario/mergo"
  packages = ["."]
  revision = "33882c6bfe701aca0ff1472aa8b4ebd6135a560d"
  version = "v0.3.3"

[[projects]]
  name = "github.com/pkg/errors"
  packages = ["."]
  revision = "645ef00459ed84a119197bfb8d8205042c6df63d"
  version = "v0.8.0"

[[projects]]
  name = "github.com/satori/go.uuid"
  packages = ["."]
  revision = "f58768cc1a7a7e77a3bd49e98cdd21419399b6a3"
  version = "v1.2.0"

[[projects]]
  name = "github.com/twitchtv/protogen"
  packages = ["typemap"]
  revision = "6f52d8a9e353934b0086955f382c7a1536257125"
  version = "v0.1.0"

[[projects]]
  branch = "master"
  name = "golang.org/x/crypto"
  packages = [
    "pbkdf2",
    "scrypt"
  ]
  revision = "12892e8c234f4fe6f6803f052061de9057903bb2"

[[projects]]
  branch = "master"
  name = "golang.org/x/net"
  packages = ["context"]
  revision = "5f9ae10d9af5b1c89ae6904293b14b064d4ada23"

[[projects]]
  branch = "master"
  name = "golang.org/x/sync"
  packages = ["errgroup"]
  revision = "1d60e4601c6fd243af51cc01ddf169918a5407ca"

[solve-meta]
  analyzer-name = "dep"
  analyzer-version = 1
  inputs-digest = "79aed22bd69d48f656a5842a8c08f3b92bea9727222d70a53d5592049e066ce5"
  solver-name = "gps-cdcl"
  solver-version = 1
